<Solution>
  <Folder Name="/Projektmappenelemente/">
    <File Path=".gitlab-ci.yml" />
    <File Path="CHANGELOG.md" />
    <File Path="Directory.Build.props" />
    <File Path="Directory.Packages.props" />
    <File Path="global.json" />
    <File Path="NuGet.Config" />
    <File Path="README.md" />
    <File Path="testconfig.json" />
    <File Path="VERSION" />
    <File Path="VERSION_CORE" />
  </Folder>
  <Folder Name="/samples/">
    <Project Path="samples/Benchmarks/Benchmarks.csproj" />
  </Folder>
  <Folder Name="/src/">
    <Project Path="src/Mqtt/Mqtt.csproj" />
  </Folder>
  <Folder Name="/tests/">
    <Project Path="tests/Mqtt.Tests/Mqtt.Tests.csproj" />
  </Folder>
</Solution>
